
Microsoft Visual Studio Solution File, Format Version 12.00
# Visual Studio Version 17
VisualStudioVersion = 17.5.002.0
MinimumVisualStudioVersion = 10.0.40219.1
Project("{9A19103F-16F7-4668-BE54-9A1E7A4F7556}") = "contact-management-system", "contact-management-system.csproj", "{C873363F-EFD0-4074-9464-5ED054D5F129}"
EndProject
Global
	GlobalSection(SolutionConfigurationPlatforms) = preSolution
		Debug|Any CPU = Debug|Any CPU
		Release|Any CPU = Release|Any CPU
	EndGlobalSection
	GlobalSection(ProjectConfigurationPlatforms) = postSolution
		{C873363F-EFD0-4074-9464-5ED054D5F129}.Debug|Any CPU.ActiveCfg = Debug|Any CPU
		{C873363F-EFD0-4074-9464-5ED054D5F129}.Debug|Any CPU.Build.0 = Debug|Any CPU
		{C873363F-EFD0-4074-9464-5ED054D5F129}.Release|Any CPU.ActiveCfg = Release|Any CPU
		{C873363F-EFD0-4074-9464-5ED054D5F129}.Release|Any CPU.Build.0 = Release|Any CPU
	EndGlobalSection
	GlobalSection(SolutionProperties) = preSolution
		HideSolutionNode = FALSE
	EndGlobalSection
	GlobalSection(ExtensibilityGlobals) = postSolution
		SolutionGuid = {8A4ABAD6-EC03-43FE-AAF9-1281C7AC9F3D}
	EndGlobalSection
EndGlobal
